
Microsoft Visual Studio Solution File, Format Version 12.00
# Visual Studio Version 17
VisualStudioVersion = 17.2.32616.157
MinimumVisualStudioVersion = 10.0.40219.1
Project("{FAE04EC0-301F-11D3-BF4B-00C04F79EFBC}") = "CmsWindowsClient", "CmsWindowsClient.csproj", "{20F11553-9DBB-4D3C-B853-1BE8E8CCE01A}"
EndProject
Global
	GlobalSection(SolutionConfigurationPlatforms) = preSolution
		Debug|Any CPU = Debug|Any CPU
		Release|Any CPU = Release|Any CPU
	EndGlobalSection
	GlobalSection(ProjectConfigurationPlatforms) = postSolution
		{20F11553-9DBB-4D3C-B853-1BE8E8CCE01A}.Debug|Any CPU.ActiveCfg = Debug|Any CPU
		{20F11553-9DBB-4D3C-B853-1BE8E8CCE01A}.Debug|Any CPU.Build.0 = Debug|Any CPU
		{20F11553-9DBB-4D3C-B853-1BE8E8CCE01A}.Release|Any CPU.ActiveCfg = Release|Any CPU
		{20F11553-9DBB-4D3C-B853-1BE8E8CCE01A}.Release|Any CPU.Build.0 = Release|Any CPU
	EndGlobalSection
	GlobalSection(SolutionProperties) = preSolution
		HideSolutionNode = FALSE
	EndGlobalSection
	GlobalSection(ExtensibilityGlobals) = postSolution
		SolutionGuid = {115AE40E-1B4C-4B9D-8DE4-17041EE32F33}
	EndGlobalSection
EndGlobal
